{
    "_readme": [
        "This file locks the dependencies of your project to a known state",
        "Read more about it at https://getcomposer.org/doc/01-basic-usage.md#installing-dependencies",
        "This file is @generated automatically"
    ],
    "content-hash": "1bc929527775dc0a8cc43b416f586de0",
    "packages": [
        {
            "name": "payfast/payfast-common",
            "version": "dev-main",
            "source": {
                "type": "git",
                "url": "https://github.com/PayFast/payfast-common.git",
                "reference": "7e8b6f50e17c45b664271c514889cd4efd0d412b"
            },
            "dist": {
                "type": "zip",
                "url": "https://api.github.com/repos/PayFast/payfast-common/zipball/7e8b6f50e17c45b664271c514889cd4efd0d412b",
                "reference": "7e8b6f50e17c45b664271c514889cd4efd0d412b",
                "shasum": ""
            },
            "require": {
                "php": "^8.0"
            },
            "default-branch": true,
            "type": "library",
            "autoload": {
                "psr-4": {
                    "Payfast\\PayfastCommon\\": "src/"
                }
            },
            "notification-url": "https://packagist.org/downloads/",
            "license": [
                "GPL-3.0"
            ],
            "authors": [
                {
                    "name": "App Inlet (Pty) Ltd",
                    "email": "info@appinlet.com"
                }
            ],
            "description": "Payfast common class for modules.",
            "homepage": "https://github.com/PayFast/payfast-common",
            "support": {
                "issues": "https://github.com/PayFast/payfast-common/issues",
                "source": "https://github.com/PayFast/payfast-common/tree/v1.0.0"
            },
            "time": "2023-04-12T10:05:12+00:00"
        }
    ],
    "packages-dev": [],
    "aliases": [],
    "minimum-stability": "dev",
    "stability-flags": {
        "payfast/payfast-common": 20
    },
    "prefer-stable": false,
    "prefer-lowest": false,
    "platform": [],
    "platform-dev": [],
    "plugin-api-version": "2.0.0"
}
